Microsoft Visual Studio Solution File, Format Version 12.00
# Visual Studio Version 17
VisualStudioVersion = 17.5.2.0
MinimumVisualStudioVersion = 10.0.40219.1
Project("{FAE04EC0-301F-11D3-BF4B-00C04F79EFBC}") = "Programa00", "Programa00.csproj", "{450C886A-CA38-30B2-1FF6-96A2BC50E622}"
EndProject
Global
	GlobalSection(SolutionConfigurationPlatforms) = preSolution
		Debug|Any CPU = Debug|Any CPU
		Release|Any CPU = Release|Any CPU
	EndGlobalSection
	GlobalSection(ProjectConfigurationPlatforms) = postSolution
		{450C886A-CA38-30B2-1FF6-96A2BC50E622}.Debug|Any CPU.ActiveCfg = Debug|Any CPU
		{450C886A-CA38-30B2-1FF6-96A2BC50E622}.Debug|Any CPU.Build.0 = Debug|Any CPU
		{450C886A-CA38-30B2-1FF6-96A2BC50E622}.Release|Any CPU.ActiveCfg = Release|Any CPU
		{450C886A-CA38-30B2-1FF6-96A2BC50E622}.Release|Any CPU.Build.0 = Release|Any CPU
	EndGlobalSection
	GlobalSection(SolutionProperties) = preSolution
		HideSolutionNode = FALSE
	EndGlobalSection
	GlobalSection(ExtensibilityGlobals) = postSolution
		SolutionGuid = {474E7EB5-1FEE-499A-A5D3-B0BE2E9B3A04}
	EndGlobalSection
EndGlobal
